{
  "nodes": {
    "home-manager": {
      "inputs": {
        "nixpkgs": [
          "nixpkgs"
        ]
      },
      "locked": {
        "lastModified": 1765461410,
        "narHash": "sha256-AVZ1y5tfTGqf5zJx6uY52KHN2pP9gGF9RMQ3meBVKIg=",
        "owner": "nix-community",
        "repo": "home-manager",
        "rev": "7b34e428f31ce52baabda53e52bf14002e1c0625",
        "type": "github"
      },
      "original": {
        "owner": "nix-community",
        "repo": "home-manager",
        "type": "github"
      }
    },
    "nixpkgs": {
      "locked": {
        "lastModified": 1765476898,
        "narHash": "sha256-E0td7UuaRO0i993/BAd8hefKH9acxvmJOwKT97IJoHk=",
        "owner": "NixOS",
        "repo": "nixpkgs",
        "rev": "f69387af015c00446592dd6ed600c13750a4c3f7",
        "type": "github"
      },
      "original": {
        "owner": "NixOS",
        "ref": "master",
        "repo": "nixpkgs",
        "type": "github"
      }
    },
    "root": {
      "inputs": {
        "home-manager": "home-manager",
        "nixpkgs": "nixpkgs"
      }
    }
  },
  "root": "root",
  "version": 7
}
