{
  "nodes": {
    "home-manager": {
      "inputs": {
        "nixpkgs": [
          "nixpkgs"
        ]
      },
      "locked": {
        "lastModified": 1739907986,
        "narHash": "sha256-Vo7LHigoL4VdIJt+rVaQEctBzWN5di1FUvygeLg141E=",
        "owner": "nix-community",
        "repo": "home-manager",
        "rev": "a135aae1be749a10227413f9eb944a6f887dab86",
        "type": "github"
      },
      "original": {
        "owner": "nix-community",
        "repo": "home-manager",
        "type": "github"
      }
    },
    "nixpkgs": {
      "locked": {
        "lastModified": 1739910394,
        "narHash": "sha256-exRRlCcWwn/P8cZBo68o90k0/uTzvoRpp/YpyaJH7qI=",
        "owner": "NixOS",
        "repo": "nixpkgs",
        "rev": "704b5e6c2143823c5dd31b0f3f81aafd527fa539",
        "type": "github"
      },
      "original": {
        "owner": "NixOS",
        "ref": "master",
        "repo": "nixpkgs",
        "type": "github"
      }
    },
    "root": {
      "inputs": {
        "home-manager": "home-manager",
        "nixpkgs": "nixpkgs"
      }
    }
  },
  "root": "root",
  "version": 7
}
