{
  "nodes": {
    "home-manager": {
      "inputs": {
        "nixpkgs": [
          "nixpkgs"
        ]
      },
      "locked": {
        "lastModified": 1726440980,
        "narHash": "sha256-ChhIrjtdu5d83W+YDRH+Ec5g1MmM0xk6hJnkz15Ot7M=",
        "owner": "nix-community",
        "repo": "home-manager",
        "rev": "a9c9cc6e50f7cbd2d58ccb1cd46a1e06e9e445ff",
        "type": "github"
      },
      "original": {
        "owner": "nix-community",
        "repo": "home-manager",
        "type": "github"
      }
    },
    "nixpkgs": {
      "locked": {
        "lastModified": 1726565567,
        "narHash": "sha256-zDWRt2IsYJnWhXrTg86/C7lfQ9B9wPg8yd+v5sFm59I=",
        "owner": "NixOS",
        "repo": "nixpkgs",
        "rev": "b3c4e7f536b9e249077c1e409dda658ff351ca75",
        "type": "github"
      },
      "original": {
        "owner": "NixOS",
        "ref": "master",
        "repo": "nixpkgs",
        "type": "github"
      }
    },
    "nixpkgs-yuzu": {
      "locked": {
        "lastModified": 1703851775,
        "narHash": "sha256-/nUhIIy1Cmv+K/hSVHh7qG6/yWB9LScYCT8q4myW1co=",
        "owner": "NixOS",
        "repo": "nixpkgs",
        "rev": "619c4b605e267f2eae56458d72070d4726ae1a31",
        "type": "github"
      },
      "original": {
        "owner": "NixOS",
        "repo": "nixpkgs",
        "rev": "619c4b605e267f2eae56458d72070d4726ae1a31",
        "type": "github"
      }
    },
    "root": {
      "inputs": {
        "home-manager": "home-manager",
        "nixpkgs": "nixpkgs",
        "nixpkgs-yuzu": "nixpkgs-yuzu"
      }
    }
  },
  "root": "root",
  "version": 7
}
